
Microsoft Visual Studio Solution File, Format Version 12.00
# Visual Studio Version 16
VisualStudioVersion = 16.0.29905.134
MinimumVisualStudioVersion = 10.0.40219.1
Project("{FAE04EC0-301F-11D3-BF4B-00C04F79EFBC}") = "FunctionDeploy", "FunctionDeploy\FunctionDeploy.csproj", "{D88EE9B3-B55B-40CF-A1DF-411D5A87762D}"
EndProject
Global
	GlobalSection(SolutionConfigurationPlatforms) = preSolution
		Debug|Any CPU = Debug|Any CPU
		Release|Any CPU = Release|Any CPU
	EndGlobalSection
	GlobalSection(ProjectConfigurationPlatforms) = postSolution
		{D88EE9B3-B55B-40CF-A1DF-411D5A87762D}.Debug|Any CPU.ActiveCfg = Debug|Any CPU
		{D88EE9B3-B55B-40CF-A1DF-411D5A87762D}.Debug|Any CPU.Build.0 = Debug|Any CPU
		{D88EE9B3-B55B-40CF-A1DF-411D5A87762D}.Release|Any CPU.ActiveCfg = Release|Any CPU
		{D88EE9B3-B55B-40CF-A1DF-411D5A87762D}.Release|Any CPU.Build.0 = Release|Any CPU
	EndGlobalSection
	GlobalSection(SolutionProperties) = preSolution
		HideSolutionNode = FALSE
	EndGlobalSection
	GlobalSection(ExtensibilityGlobals) = postSolution
		SolutionGuid = {5EC7B2B1-B960-4899-AF63-0CE98C04373B}
	EndGlobalSection
EndGlobal
